
Microsoft Visual Studio Solution File, Format Version 12.00
# Visual Studio Version 17
VisualStudioVersion = 17.11.35312.102
MinimumVisualStudioVersion = 10.0.40219.1
Project("{2150E333-8FDC-42A3-9474-1A3956D46DE8}") = "Task0", "Task0", "{7DD6B4A3-BEF8-4076-B6A7-EA2B6D87BEC0}"
EndProject
Project("{FAE04EC0-301F-11D3-BF4B-00C04F79EFBC}") = "Tyuiu.TodikovDE.Sprint5.Task0.V9", "Tyuiu.TodikovDE.Sprint5.Task0.V9\Tyuiu.TodikovDE.Sprint5.Task0.V9.csproj", "{68D18FEA-97F6-48B2-9D94-5A09D20DFB10}"
EndProject
Project("{FAE04EC0-301F-11D3-BF4B-00C04F79EFBC}") = "Tyuiu.TodikovDE.Sprint5.Task0.V9.Lib", "Tyuiu.TodikovDE.Sprint5.Task0.V9.Lib\Tyuiu.TodikovDE.Sprint5.Task0.V9.Lib.csproj", "{280E77C9-98BC-41CB-9241-FBAA10D28C2B}"
EndProject
Project("{FAE04EC0-301F-11D3-BF4B-00C04F79EFBC}") = "Tyuiu.TodikovDE.Sprint5.Task0.V9.Test", "Tyuiu.TodikovDE.Sprint5.Task0.V9.Test\Tyuiu.TodikovDE.Sprint5.Task0.V9.Test.csproj", "{713C21AA-9B13-4069-8964-753BA4C73921}"
EndProject
Project("{2150E333-8FDC-42A3-9474-1A3956D46DE8}") = "Task1", "Task1", "{D7895158-4937-4224-9DD3-C9F09F64D335}"
EndProject
Project("{FAE04EC0-301F-11D3-BF4B-00C04F79EFBC}") = "Tyuiu.TodikovDE.Sprint5.Task1.V2", "Tyuiu.TodikovDE.Sprint5.Task1.V2\Tyuiu.TodikovDE.Sprint5.Task1.V2.csproj", "{043BD7E7-E133-49EF-BF21-81A51A4CD0A7}"
EndProject
Project("{FAE04EC0-301F-11D3-BF4B-00C04F79EFBC}") = "Tyuiu.TodikovDE.Sprint5.Task1.V2.Lib", "Tyuiu.TodikovDE.Sprint5.Task1.V2.Lib\Tyuiu.TodikovDE.Sprint5.Task1.V2.Lib.csproj", "{4BD55F51-E27F-4D3F-BDD7-1D9E5083A257}"
EndProject
Project("{FAE04EC0-301F-11D3-BF4B-00C04F79EFBC}") = "Tyuiu.TodikovDE.Sprint5.Task1.V2.Test", "Tyuiu.TodikovDE.Sprint5.Task1.V2.Test\Tyuiu.TodikovDE.Sprint5.Task1.V2.Test.csproj", "{829BEF6B-A36A-4461-BFDF-D6C1DE8767EA}"
EndProject
Project("{2150E333-8FDC-42A3-9474-1A3956D46DE8}") = "Task2", "Task2", "{413D09A5-028D-4E3E-B5D5-0B5568241937}"
EndProject
Project("{FAE04EC0-301F-11D3-BF4B-00C04F79EFBC}") = "Tyuiu.TodikovDE.Sprint5.Task2.V30", "Tyuiu.TodikovDE.Sprint5.Task2.V30\Tyuiu.TodikovDE.Sprint5.Task2.V30.csproj", "{2ED6ECBE-8325-4806-B724-E478CAD63E2F}"
EndProject
Project("{FAE04EC0-301F-11D3-BF4B-00C04F79EFBC}") = "Tyuiu.TodikovDE.Sprint5.Task2.V30.Lib", "Tyuiu.TodikovDE.Sprint5.Task2.V30.Lib\Tyuiu.TodikovDE.Sprint5.Task2.V30.Lib.csproj", "{DCB06F13-124B-45FD-AD57-FCC3D9ADD2E0}"
EndProject
Project("{FAE04EC0-301F-11D3-BF4B-00C04F79EFBC}") = "Tyuiu.TodikovDE.Sprint5.Task2.V30.Test", "Tyuiu.TodikovDE.Sprint5.Task2.V30.Test\Tyuiu.TodikovDE.Sprint5.Task2.V30.Test.csproj", "{D7EB0815-B438-4654-9F33-947FB7B372D4}"
EndProject
Project("{2150E333-8FDC-42A3-9474-1A3956D46DE8}") = "Task3", "Task3", "{4E261E5C-D5BC-4802-8108-D8973BEF259D}"
EndProject
Project("{FAE04EC0-301F-11D3-BF4B-00C04F79EFBC}") = "Tyuiu.TodikovDE.Sprint5.Task3.V21", "Tyuiu.TodikovDE.Sprint5.Task3.V21\Tyuiu.TodikovDE.Sprint5.Task3.V21.csproj", "{B5EAD274-5A54-49C9-98C7-B0D678EF9DD7}"
EndProject
Project("{FAE04EC0-301F-11D3-BF4B-00C04F79EFBC}") = "Tyuiu.TodikovDE.Sprint5.Task3.V21.Lib", "Tyuiu.TodikovDE.Sprint5.Task3.V21.Lib\Tyuiu.TodikovDE.Sprint5.Task3.V21.Lib.csproj", "{CF82A427-0D09-4C3E-B5C6-D99BBD9C0DAB}"
EndProject
Project("{FAE04EC0-301F-11D3-BF4B-00C04F79EFBC}") = "Tyuiu.TodikovDE.Sprint5.Task3.V21.Test", "Tyuiu.TodikovDE.Sprint5.Task3.V21.Test\Tyuiu.TodikovDE.Sprint5.Task3.V21.Test.csproj", "{D418408C-0316-4C98-BDC6-A01A3F8AC98B}"
EndProject
Global
	GlobalSection(SolutionConfigurationPlatforms) = preSolution
		Debug|Any CPU = Debug|Any CPU
		Release|Any CPU = Release|Any CPU
	EndGlobalSection
	GlobalSection(ProjectConfigurationPlatforms) = postSolution
		{68D18FEA-97F6-48B2-9D94-5A09D20DFB10}.Debug|Any CPU.ActiveCfg = Debug|Any CPU
		{68D18FEA-97F6-48B2-9D94-5A09D20DFB10}.Debug|Any CPU.Build.0 = Debug|Any CPU
		{68D18FEA-97F6-48B2-9D94-5A09D20DFB10}.Release|Any CPU.ActiveCfg = Release|Any CPU
		{68D18FEA-97F6-48B2-9D94-5A09D20DFB10}.Release|Any CPU.Build.0 = Release|Any CPU
		{280E77C9-98BC-41CB-9241-FBAA10D28C2B}.Debug|Any CPU.ActiveCfg = Debug|Any CPU
		{280E77C9-98BC-41CB-9241-FBAA10D28C2B}.Debug|Any CPU.Build.0 = Debug|Any CPU
		{280E77C9-98BC-41CB-9241-FBAA10D28C2B}.Release|Any CPU.ActiveCfg = Release|Any CPU
		{280E77C9-98BC-41CB-9241-FBAA10D28C2B}.Release|Any CPU.Build.0 = Release|Any CPU
		{713C21AA-9B13-4069-8964-753BA4C73921}.Debug|Any CPU.ActiveCfg = Debug|Any CPU
		{713C21AA-9B13-4069-8964-753BA4C73921}.Debug|Any CPU.Build.0 = Debug|Any CPU
		{713C21AA-9B13-4069-8964-753BA4C73921}.Release|Any CPU.ActiveCfg = Release|Any CPU
		{713C21AA-9B13-4069-8964-753BA4C73921}.Release|Any CPU.Build.0 = Release|Any CPU
		{043BD7E7-E133-49EF-BF21-81A51A4CD0A7}.Debug|Any CPU.ActiveCfg = Debug|Any CPU
		{043BD7E7-E133-49EF-BF21-81A51A4CD0A7}.Debug|Any CPU.Build.0 = Debug|Any CPU
		{043BD7E7-E133-49EF-BF21-81A51A4CD0A7}.Release|Any CPU.ActiveCfg = Release|Any CPU
		{043BD7E7-E133-49EF-BF21-81A51A4CD0A7}.Release|Any CPU.Build.0 = Release|Any CPU
		{4BD55F51-E27F-4D3F-BDD7-1D9E5083A257}.Debug|Any CPU.ActiveCfg = Debug|Any CPU
		{4BD55F51-E27F-4D3F-BDD7-1D9E5083A257}.Debug|Any CPU.Build.0 = Debug|Any CPU
		{4BD55F51-E27F-4D3F-BDD7-1D9E5083A257}.Release|Any CPU.ActiveCfg = Release|Any CPU
		{4BD55F51-E27F-4D3F-BDD7-1D9E5083A257}.Release|Any CPU.Build.0 = Release|Any CPU
		{829BEF6B-A36A-4461-BFDF-D6C1DE8767EA}.Debug|Any CPU.ActiveCfg = Debug|Any CPU
		{829BEF6B-A36A-4461-BFDF-D6C1DE8767EA}.Debug|Any CPU.Build.0 = Debug|Any CPU
		{829BEF6B-A36A-4461-BFDF-D6C1DE8767EA}.Release|Any CPU.ActiveCfg = Release|Any CPU
		{829BEF6B-A36A-4461-BFDF-D6C1DE8767EA}.Release|Any CPU.Build.0 = Release|Any CPU
		{2ED6ECBE-8325-4806-B724-E478CAD63E2F}.Debug|Any CPU.ActiveCfg = Debug|Any CPU
		{2ED6ECBE-8325-4806-B724-E478CAD63E2F}.Debug|Any CPU.Build.0 = Debug|Any CPU
		{2ED6ECBE-8325-4806-B724-E478CAD63E2F}.Release|Any CPU.ActiveCfg = Release|Any CPU
		{2ED6ECBE-8325-4806-B724-E478CAD63E2F}.Release|Any CPU.Build.0 = Release|Any CPU
		{DCB06F13-124B-45FD-AD57-FCC3D9ADD2E0}.Debug|Any CPU.ActiveCfg = Debug|Any CPU
		{DCB06F13-124B-45FD-AD57-FCC3D9ADD2E0}.Debug|Any CPU.Build.0 = Debug|Any CPU
		{DCB06F13-124B-45FD-AD57-FCC3D9ADD2E0}.Release|Any CPU.ActiveCfg = Release|Any CPU
		{DCB06F13-124B-45FD-AD57-FCC3D9ADD2E0}.Release|Any CPU.Build.0 = Release|Any CPU
		{D7EB0815-B438-4654-9F33-947FB7B372D4}.Debug|Any CPU.ActiveCfg = Debug|Any CPU
		{D7EB0815-B438-4654-9F33-947FB7B372D4}.Debug|Any CPU.Build.0 = Debug|Any CPU
		{D7EB0815-B438-4654-9F33-947FB7B372D4}.Release|Any CPU.ActiveCfg = Release|Any CPU
		{D7EB0815-B438-4654-9F33-947FB7B372D4}.Release|Any CPU.Build.0 = Release|Any CPU
		{B5EAD274-5A54-49C9-98C7-B0D678EF9DD7}.Debug|Any CPU.ActiveCfg = Debug|Any CPU
		{B5EAD274-5A54-49C9-98C7-B0D678EF9DD7}.Debug|Any CPU.Build.0 = Debug|Any CPU
		{B5EAD274-5A54-49C9-98C7-B0D678EF9DD7}.Release|Any CPU.ActiveCfg = Release|Any CPU
		{B5EAD274-5A54-49C9-98C7-B0D678EF9DD7}.Release|Any CPU.Build.0 = Release|Any CPU
		{CF82A427-0D09-4C3E-B5C6-D99BBD9C0DAB}.Debug|Any CPU.ActiveCfg = Debug|Any CPU
		{CF82A427-0D09-4C3E-B5C6-D99BBD9C0DAB}.Debug|Any CPU.Build.0 = Debug|Any CPU
		{CF82A427-0D09-4C3E-B5C6-D99BBD9C0DAB}.Release|Any CPU.ActiveCfg = Release|Any CPU
		{CF82A427-0D09-4C3E-B5C6-D99BBD9C0DAB}.Release|Any CPU.Build.0 = Release|Any CPU
		{D418408C-0316-4C98-BDC6-A01A3F8AC98B}.Debug|Any CPU.ActiveCfg = Debug|Any CPU
		{D418408C-0316-4C98-BDC6-A01A3F8AC98B}.Debug|Any CPU.Build.0 = Debug|Any CPU
		{D418408C-0316-4C98-BDC6-A01A3F8AC98B}.Release|Any CPU.ActiveCfg = Release|Any CPU
		{D418408C-0316-4C98-BDC6-A01A3F8AC98B}.Release|Any CPU.Build.0 = Release|Any CPU
	EndGlobalSection
	GlobalSection(SolutionProperties) = preSolution
		HideSolutionNode = FALSE
	EndGlobalSection
	GlobalSection(NestedProjects) = preSolution
		{68D18FEA-97F6-48B2-9D94-5A09D20DFB10} = {7DD6B4A3-BEF8-4076-B6A7-EA2B6D87BEC0}
		{280E77C9-98BC-41CB-9241-FBAA10D28C2B} = {7DD6B4A3-BEF8-4076-B6A7-EA2B6D87BEC0}
		{713C21AA-9B13-4069-8964-753BA4C73921} = {7DD6B4A3-BEF8-4076-B6A7-EA2B6D87BEC0}
		{043BD7E7-E133-49EF-BF21-81A51A4CD0A7} = {D7895158-4937-4224-9DD3-C9F09F64D335}
		{4BD55F51-E27F-4D3F-BDD7-1D9E5083A257} = {D7895158-4937-4224-9DD3-C9F09F64D335}
		{829BEF6B-A36A-4461-BFDF-D6C1DE8767EA} = {D7895158-4937-4224-9DD3-C9F09F64D335}
		{2ED6ECBE-8325-4806-B724-E478CAD63E2F} = {413D09A5-028D-4E3E-B5D5-0B5568241937}
		{DCB06F13-124B-45FD-AD57-FCC3D9ADD2E0} = {413D09A5-028D-4E3E-B5D5-0B5568241937}
		{D7EB0815-B438-4654-9F33-947FB7B372D4} = {413D09A5-028D-4E3E-B5D5-0B5568241937}
		{B5EAD274-5A54-49C9-98C7-B0D678EF9DD7} = {4E261E5C-D5BC-4802-8108-D8973BEF259D}
		{CF82A427-0D09-4C3E-B5C6-D99BBD9C0DAB} = {4E261E5C-D5BC-4802-8108-D8973BEF259D}
		{D418408C-0316-4C98-BDC6-A01A3F8AC98B} = {4E261E5C-D5BC-4802-8108-D8973BEF259D}
	EndGlobalSection
	GlobalSection(ExtensibilityGlobals) = postSolution
		SolutionGuid = {DC4B3E79-3D73-489E-8DFB-2CFDCBB2671A}
	EndGlobalSection
EndGlobal
